{
  "name": "suru-plus-site",
  "version": "1.0.0",
  "lockfileVersion": 1,
  "requires": true,
  "dependencies": {
    "hyphenopoly": {
      "version": "2.8.0",
      "resolved": "https://registry.npmjs.org/hyphenopoly/-/hyphenopoly-2.8.0.tgz",
      "integrity": "sha512-BNUAht7nOGoEa4p3qiQQMenB6j+nJkZ/uMsnMX9r8WlOsnKxwE0S5cta+cB/PGa+3JAbzoBr793SA+WB8c7lxQ=="
    }
  }
}
